{
  "nodes": {
    "nixpkgs": {
      "locked": {
        "lastModified": 1723376193,
        "narHash": "sha256-2PXJm0wWbpZGePxrCBjerAAtSoXfEYA/rnSpiO168r4=",
        "owner": "NixOS",
        "repo": "nixpkgs",
        "rev": "e7f2456df49b39e816e9ed71622c09a42446a581",
        "type": "github"
      },
      "original": {
        "owner": "NixOS",
        "repo": "nixpkgs",
        "type": "github"
      }
    },
    "root": {
      "inputs": {
        "nixpkgs": "nixpkgs",
        "wl-screenrec-src": "wl-screenrec-src"
      }
    },
    "wl-screenrec-src": {
      "flake": false,
      "locked": {
        "lastModified": 1731195031,
        "narHash": "sha256-cEz7Mhpp5dxM96NdOK9gzko5IEw9jgEouozhjE4yRm0=",
        "owner": "russelltg",
        "repo": "wl-screenrec",
        "rev": "76d39d8d0c60f2d3965d1a61c251d735d35da7e0",
        "type": "github"
      },
      "original": {
        "owner": "russelltg",
        "ref": "russell/reconnect_on_lost_output",
        "repo": "wl-screenrec",
        "type": "github"
      }
    }
  },
  "root": "root",
  "version": 7
}
